{
  "name": "the-next-web",
  "lockfileVersion": 2,
  "requires": true,
  "packages": {
    "": {
      "dependencies": {
        "postcss-scss": "^3.0.4"
      }
    },
    "node_modules/colorette": {
      "version": "1.2.1",
      "resolved": "https://registry.npmjs.org/colorette/-/colorette-1.2.1.tgz",
      "integrity": "sha512-puCDz0CzydiSYOrnXpz/PKd69zRrribezjtE9yd4zvytoRc8+RY/KJPvtPFKZS3E3wP6neGyMe0vOTlHO5L3Pw=="
    },
    "node_modules/nanoid": {
      "version": "3.1.20",
      "resolved": "https://registry.npmjs.org/nanoid/-/nanoid-3.1.20.tgz",
      "integrity": "sha512-a1cQNyczgKbLX9jwbS/+d7W8fX/RfgYR7lVWwWOGIPNgK2m0MWvrGF6/m4kk6U3QcFMnZf3RIhL0v2Jgh/0Uxw==",
      "bin": {
        "nanoid": "bin/nanoid.cjs"
      },
      "engines": {
        "node": "^10 || ^12 || ^13.7 || ^14 || >=15.0.1"
      }
    },
    "node_modules/postcss": {
      "version": "8.2.1",
      "resolved": "https://registry.npmjs.org/postcss/-/postcss-8.2.1.tgz",
      "integrity": "sha512-RhsqOOAQzTgh1UB/IZdca7F9WDb7SUCR2Vnv1x7DbvuuggQIpoDwjK+q0rzoPffhYvWNKX5JSwS4so4K3UC6vA==",
      "dependencies": {
        "colorette": "^1.2.1",
        "nanoid": "^3.1.20",
        "source-map": "^0.6.1"
      },
      "engines": {
        "node": "^10 || ^12 || >=14"
      }
    },
    "node_modules/postcss-scss": {
      "version": "3.0.4",
      "resolved": "https://registry.npmjs.org/postcss-scss/-/postcss-scss-3.0.4.tgz",
      "integrity": "sha512-BAkBZ35aXhCeBRmliHylYqTN1PvNJyh9aBPQHUmk9SdDdbk7n3GExm7cQivDckOgJpB+agyig9TwRAmf6WnvfA==",
      "dependencies": {
        "postcss": "^8.1.6"
      },
      "engines": {
        "node": ">=10.0"
      }
    },
    "node_modules/source-map": {
      "version": "0.6.1",
      "resolved": "https://registry.npmjs.org/source-map/-/source-map-0.6.1.tgz",
      "integrity": "sha512-UjgapumWlbMhkBgzT7Ykc5YXUT46F0iKu8SGXq0bcwP5dz/h0Plj6enJqjz1Zbq2l5WaqYnrVbwWOWMyF3F47g==",
      "engines": {
        "node": ">=0.10.0"
      }
    }
  },
  "dependencies": {
    "colorette": {
      "version": "1.2.1",
      "resolved": "https://registry.npmjs.org/colorette/-/colorette-1.2.1.tgz",
      "integrity": "sha512-puCDz0CzydiSYOrnXpz/PKd69zRrribezjtE9yd4zvytoRc8+RY/KJPvtPFKZS3E3wP6neGyMe0vOTlHO5L3Pw=="
    },
    "nanoid": {
      "version": "3.1.20",
      "resolved": "https://registry.npmjs.org/nanoid/-/nanoid-3.1.20.tgz",
      "integrity": "sha512-a1cQNyczgKbLX9jwbS/+d7W8fX/RfgYR7lVWwWOGIPNgK2m0MWvrGF6/m4kk6U3QcFMnZf3RIhL0v2Jgh/0Uxw=="
    },
    "postcss": {
      "version": "8.2.1",
      "resolved": "https://registry.npmjs.org/postcss/-/postcss-8.2.1.tgz",
      "integrity": "sha512-RhsqOOAQzTgh1UB/IZdca7F9WDb7SUCR2Vnv1x7DbvuuggQIpoDwjK+q0rzoPffhYvWNKX5JSwS4so4K3UC6vA==",
      "requires": {
        "colorette": "^1.2.1",
        "nanoid": "^3.1.20",
        "source-map": "^0.6.1"
      }
    },
    "postcss-scss": {
      "version": "3.0.4",
      "resolved": "https://registry.npmjs.org/postcss-scss/-/postcss-scss-3.0.4.tgz",
      "integrity": "sha512-BAkBZ35aXhCeBRmliHylYqTN1PvNJyh9aBPQHUmk9SdDdbk7n3GExm7cQivDckOgJpB+agyig9TwRAmf6WnvfA==",
      "requires": {
        "postcss": "^8.1.6"
      }
    },
    "source-map": {
      "version": "0.6.1",
      "resolved": "https://registry.npmjs.org/source-map/-/source-map-0.6.1.tgz",
      "integrity": "sha512-UjgapumWlbMhkBgzT7Ykc5YXUT46F0iKu8SGXq0bcwP5dz/h0Plj6enJqjz1Zbq2l5WaqYnrVbwWOWMyF3F47g=="
    }
  }
}
